Microsoft Visual Studio Solution File, Format Version 12.00
# Visual Studio Version 17
VisualStudioVersion = 17.5.2.0
MinimumVisualStudioVersion = 10.0.40219.1
Project("{FAE04EC0-301F-11D3-BF4B-00C04F79EFBC}") = "ConfManager", "ConfManager.csproj", "{EFD65E94-93D0-9433-211F-FE538B38574D}"
EndProject
Global
	GlobalSection(SolutionConfigurationPlatforms) = preSolution
		Debug|Any CPU = Debug|Any CPU
		Release|Any CPU = Release|Any CPU
	EndGlobalSection
	GlobalSection(ProjectConfigurationPlatforms) = postSolution
		{EFD65E94-93D0-9433-211F-FE538B38574D}.Debug|Any CPU.ActiveCfg = Debug|Any CPU
		{EFD65E94-93D0-9433-211F-FE538B38574D}.Debug|Any CPU.Build.0 = Debug|Any CPU
		{EFD65E94-93D0-9433-211F-FE538B38574D}.Release|Any CPU.ActiveCfg = Release|Any CPU
		{EFD65E94-93D0-9433-211F-FE538B38574D}.Release|Any CPU.Build.0 = Release|Any CPU
	EndGlobalSection
	GlobalSection(SolutionProperties) = preSolution
		HideSolutionNode = FALSE
	EndGlobalSection
	GlobalSection(ExtensibilityGlobals) = postSolution
		SolutionGuid = {A4CFF3BF-D3AE-4797-9556-370AA4A55AB2}
	EndGlobalSection
EndGlobal
